
Microsoft Visual Studio Solution File, Format Version 12.00
# Visual Studio Version 17
VisualStudioVersion = 17.9.34616.47
MinimumVisualStudioVersion = 10.0.40219.1
Project("{FAE04EC0-301F-11D3-BF4B-00C04F79EFBC}") = "FurnitureStore.Api", "FurnitureStore.Api\FurnitureStore.Api.csproj", "{42EA899E-0011-4678-9DD8-95E398BD6A92}"
EndProject
Project("{FAE04EC0-301F-11D3-BF4B-00C04F79EFBC}") = "FurnitureStore.Shared", "FurnitureStore.Shared\FurnitureStore.Shared.csproj", "{70189918-AC25-451E-9A15-8BAC062B8E2B}"
EndProject
Project("{FAE04EC0-301F-11D3-BF4B-00C04F79EFBC}") = "FurnitureStore.Data", "FurnitureStore.Data\FurnitureStore.Data.csproj", "{C0D8B455-2C64-4654-B943-73249AE64E59}"
EndProject
Global
	GlobalSection(SolutionConfigurationPlatforms) = preSolution
		Debug|Any CPU = Debug|Any CPU
		Release|Any CPU = Release|Any CPU
	EndGlobalSection
	GlobalSection(ProjectConfigurationPlatforms) = postSolution
		{42EA899E-0011-4678-9DD8-95E398BD6A92}.Debug|Any CPU.ActiveCfg = Debug|Any CPU
		{42EA899E-0011-4678-9DD8-95E398BD6A92}.Debug|Any CPU.Build.0 = Debug|Any CPU
		{42EA899E-0011-4678-9DD8-95E398BD6A92}.Release|Any CPU.ActiveCfg = Release|Any CPU
		{42EA899E-0011-4678-9DD8-95E398BD6A92}.Release|Any CPU.Build.0 = Release|Any CPU
		{70189918-AC25-451E-9A15-8BAC062B8E2B}.Debug|Any CPU.ActiveCfg = Debug|Any CPU
		{70189918-AC25-451E-9A15-8BAC062B8E2B}.Debug|Any CPU.Build.0 = Debug|Any CPU
		{70189918-AC25-451E-9A15-8BAC062B8E2B}.Release|Any CPU.ActiveCfg = Release|Any CPU
		{70189918-AC25-451E-9A15-8BAC062B8E2B}.Release|Any CPU.Build.0 = Release|Any CPU
		{C0D8B455-2C64-4654-B943-73249AE64E59}.Debug|Any CPU.ActiveCfg = Debug|Any CPU
		{C0D8B455-2C64-4654-B943-73249AE64E59}.Debug|Any CPU.Build.0 = Debug|Any CPU
		{C0D8B455-2C64-4654-B943-73249AE64E59}.Release|Any CPU.ActiveCfg = Release|Any CPU
		{C0D8B455-2C64-4654-B943-73249AE64E59}.Release|Any CPU.Build.0 = Release|Any CPU
	EndGlobalSection
	GlobalSection(SolutionProperties) = preSolution
		HideSolutionNode = FALSE
	EndGlobalSection
	GlobalSection(ExtensibilityGlobals) = postSolution
		SolutionGuid = {5CFBA6C4-28D0-4E2C-B4E6-FE6BDE724B1D}
	EndGlobalSection
EndGlobal
